// !$*UTF8*$!
{
	archiveVersion = 1;
	classes = {
	};
	objectVersion = 56;
	objects = {

/* Begin PBXBuildFile section */
		7442EB512CB3CD230035BC91 /* News.swift in Sources */ = {isa = PBXBuildFile; fileRef = 7442EB502CB3CD230035BC91 /* News.swift */; };
		74A976B02CB3BFBF005A40C2 /* AppDelegate.swift in Sources */ = {isa = PBXBuildFile; fileRef = 74A976AF2CB3BFBF005A40C2 /* AppDelegate.swift */; };
		74A976B22CB3BFBF005A40C2 /* SceneDelegate.swift in Sources */ = {isa = PBXBuildFile; fileRef = 74A976B12CB3BFBF005A40C2 /* SceneDelegate.swift */; };
		74A976B42CB3BFBF005A40C2 /* ViewController.swift in Sources */ = {isa = PBXBuildFile; fileRef = 74A976B32CB3BFBF005A40C2 /* ViewController.swift */; };
		74A976B72CB3BFBF005A40C2 /* Main.storyboard in Resources */ = {isa = PBXBuildFile; fileRef = 74A976B52CB3BFBF005A40C2 /* Main.storyboard */; };
		74A976B92CB3BFC1005A40C2 /* Assets.xcassets in Resources */ = {isa = PBXBuildFile; fileRef = 74A976B82CB3BFC1005A40C2 /* Assets.xcassets */; };
		74A976BC2CB3BFC1005A40C2 /* LaunchScreen.storyboard in Resources */ = {isa = PBXBuildFile; fileRef = 74A976BA2CB3BFC1005A40C2 /* LaunchScreen.storyboard */; };
		74A976C42CB3C14E005A40C2 /* TableViewController.swift in Sources */ = {isa = PBXBuildFile; fileRef = 74A976C32CB3C14E005A40C2 /* TableViewController.swift */; };
		74A976C62CB3C163005A40C2 /* TableViewCell.swift in Sources */ = {isa = PBXBuildFile; fileRef = 74A976C52CB3C163005A40C2 /* TableViewCell.swift */; };
		74A976C82CB3C1B9005A40C2 /* DetailViewController.swift in Sources */ = {isa = PBXBuildFile; fileRef = 74A976C72CB3C1B9005A40C2 /* DetailViewController.swift */; };
/* End PBXBuildFile section */

/* Begin PBXFileReference section */
		7442EB502CB3CD230035BC91 /* News.swift */ = {isa = PBXFileReference; lastKnownFileType = sourcecode.swift; path = News.swift; sourceTree = "<group>"; };
		74A976AC2CB3BFBF005A40C2 /* Networking HW 2.10.1.app */ = {isa = PBXFileReference; explicitFileType = wrapper.application; includeInIndex = 0; path = "Networking HW 2.10.1.app"; sourceTree = BUILT_PRODUCTS_DIR; };
		74A976AF2CB3BFBF005A40C2 /* AppDelegate.swift */ = {isa = PBXFileReference; lastKnownFileType = sourcecode.swift; path = AppDelegate.swift; sourceTree = "<group>"; };
		74A976B12CB3BFBF005A40C2 /* SceneDelegate.swift */ = {isa = PBXFileReference; lastKnownFileType = sourcecode.swift; path = SceneDelegate.swift; sourceTree = "<group>"; };
		74A976B32CB3BFBF005A40C2 /* ViewController.swift */ = {isa = PBXFileReference; lastKnownFileType = sourcecode.swift; path = ViewController.swift; sourceTree = "<group>"; };
		74A976B62CB3BFBF005A40C2 /* Base */ = {isa = PBXFileReference; lastKnownFileType = file.storyboard; name = Base; path = Base.lproj/Main.storyboard; sourceTree = "<group>"; };
		74A976B82CB3BFC1005A40C2 /* Assets.xcassets */ = {isa = PBXFileReference; lastKnownFileType = folder.assetcatalog; path = Assets.xcassets; sourceTree = "<group>"; };
		74A976BB2CB3BFC1005A40C2 /* Base */ = {isa = PBXFileReference; lastKnownFileType = file.storyboard; name = Base; path = Base.lproj/LaunchScreen.storyboard; sourceTree = "<group>"; };
		74A976BD2CB3BFC1005A40C2 /* Info.plist */ = {isa = PBXFileReference; lastKnownFileType = text.plist.xml; path = Info.plist; sourceTree = "<group>"; };
		74A976C32CB3C14E005A40C2 /* TableViewController.swift */ = {isa = PBXFileReference; lastKnownFileType = sourcecode.swift; path = TableViewController.swift; sourceTree = "<group>"; };
		74A976C52CB3C163005A40C2 /* TableViewCell.swift */ = {isa = PBXFileReference; lastKnownFileType = sourcecode.swift; path = TableViewCell.swift; sourceTree = "<group>"; };
		74A976C72CB3C1B9005A40C2 /* DetailViewController.swift */ = {isa = PBXFileReference; lastKnownFileType = sourcecode.swift; path = DetailViewController.swift; sourceTree = "<group>"; };
/* End PBXFileReference section */

/* Begin PBXFrameworksBuildPhase section */
		74A976A92CB3BFBF005A40C2 /* Frameworks */ = {
			isa = PBXFrameworksBuildPhase;
			buildActionMask = 2147483647;
			files = (
			);
			runOnlyForDeploymentPostprocessing = 0;
		};
/* End PBXFrameworksBuildPhase section */

/* Begin PBXGroup section */
		74A976A32CB3BFBF005A40C2 = {
			isa = PBXGroup;
			children = (
				74A976AE2CB3BFBF005A40C2 /* Networking HW 2.10.1 */,
				74A976AD2CB3BFBF005A40C2 /* Products */,
			);
			sourceTree = "<group>";
		};
		74A976AD2CB3BFBF005A40C2 /* Products */ = {
			isa = PBXGroup;
			children = (
				74A976AC2CB3BFBF005A40C2 /* Networking HW 2.10.1.app */,
			);
			name = Products;
			sourceTree = "<group>";
		};
		74A976AE2CB3BFBF005A40C2 /* Networking HW 2.10.1 */ = {
			isa = PBXGroup;
			children = (
				74A976AF2CB3BFBF005A40C2 /* AppDelegate.swift */,
				74A976B12CB3BFBF005A40C2 /* SceneDelegate.swift */,
				74A976B32CB3BFBF005A40C2 /* ViewController.swift */,
				74A976B52CB3BFBF005A40C2 /* Main.storyboard */,
				74A976B82CB3BFC1005A40C2 /* Assets.xcassets */,
				74A976BA2CB3BFC1005A40C2 /* LaunchScreen.storyboard */,
				74A976BD2CB3BFC1005A40C2 /* Info.plist */,
				74A976C32CB3C14E005A40C2 /* TableViewController.swift */,
				74A976C52CB3C163005A40C2 /* TableViewCell.swift */,
				74A976C72CB3C1B9005A40C2 /* DetailViewController.swift */,
				7442EB502CB3CD230035BC91 /* News.swift */,
			);
			path = "Networking HW 2.10.1";
			sourceTree = "<group>";
		};
/* End PBXGroup section */

/* Begin PBXNativeTarget section */
		74A976AB2CB3BFBF005A40C2 /* Networking HW 2.10.1 */ = {
			isa = PBXNativeTarget;
			buildConfigurationList = 74A976C02CB3BFC1005A40C2 /* Build configuration list for PBXNativeTarget "Networking HW 2.10.1" */;
			buildPhases = (
				74A976A82CB3BFBF005A40C2 /* Sources */,
				74A976A92CB3BFBF005A40C2 /* Frameworks */,
				74A976AA2CB3BFBF005A40C2 /* Resources */,
			);
			buildRules = (
			);
			dependencies = (
			);
			name = "Networking HW 2.10.1";
			productName = "Networking HW 2.10.1";
			productReference = 74A976AC2CB3BFBF005A40C2 /* Networking HW 2.10.1.app */;
			productType = "com.apple.product-type.application";
		};
/* End PBXNativeTarget section */

/* Begin PBXProject section */
		74A976A42CB3BFBF005A40C2 /* Project object */ = {
			isa = PBXProject;
			attributes = {
				BuildIndependentTargetsInParallel = 1;
				LastSwiftUpdateCheck = 1420;
				LastUpgradeCheck = 1420;
				TargetAttributes = {
					74A976AB2CB3BFBF005A40C2 = {
						CreatedOnToolsVersion = 14.2;
					};
				};
			};
			buildConfigurationList = 74A976A72CB3BFBF005A40C2 /* Build configuration list for PBXProject "Networking HW 2.10.1" */;
			compatibilityVersion = "Xcode 14.0";
			developmentRegion = en;
			hasScannedForEncodings = 0;
			knownRegions = (
				en,
				Base,
			);
			mainGroup = 74A976A32CB3BFBF005A40C2;
			productRefGroup = 74A976AD2CB3BFBF005A40C2 /* Products */;
			projectDirPath = "";
			projectRoot = "";
			targets = (
				74A976AB2CB3BFBF005A40C2 /* Networking HW 2.10.1 */,
			);
		};
/* End PBXProject section */

/* Begin PBXResourcesBuildPhase section */
		74A976AA2CB3BFBF005A40C2 /* Resources */ = {
			isa = PBXResourcesBuildPhase;
			buildActionMask = 2147483647;
			files = (
				74A976BC2CB3BFC1005A40C2 /* LaunchScreen.storyboard in Resources */,
				74A976B92CB3BFC1005A40C2 /* Assets.xcassets in Resources */,
				74A976B72CB3BFBF005A40C2 /* Main.storyboard in Resources */,
			);
			runOnlyForDeploymentPostprocessing = 0;
		};
/* End PBXResourcesBuildPhase section */

/* Begin PBXSourcesBuildPhase section */
		74A976A82CB3BFBF005A40C2 /* Sources */ = {
			isa = PBXSourcesBuildPhase;
			buildActionMask = 2147483647;
			files = (
				74A976C62CB3C163005A40C2 /* TableViewCell.swift in Sources */,
				74A976B42CB3BFBF005A40C2 /* ViewController.swift in Sources */,
				74A976B02CB3BFBF005A40C2 /* AppDelegate.swift in Sources */,
				74A976C82CB3C1B9005A40C2 /* DetailViewController.swift in Sources */,
				7442EB512CB3CD230035BC91 /* News.swift in Sources */,
				74A976B22CB3BFBF005A40C2 /* SceneDelegate.swift in Sources */,
				74A976C42CB3C14E005A40C2 /* TableViewController.swift in Sources */,
			);
			runOnlyForDeploymentPostprocessing = 0;
		};
/* End PBXSourcesBuildPhase section */

/* Begin PBXVariantGroup section */
		74A976B52CB3BFBF005A40C2 /* Main.storyboard */ = {
			isa = PBXVariantGroup;
			children = (
				74A976B62CB3BFBF005A40C2 /* Base */,
			);
			name = Main.storyboard;
			sourceTree = "<group>";
		};
		74A976BA2CB3BFC1005A40C2 /* LaunchScreen.storyboard */ = {
			isa = PBXVariantGroup;
			children = (
				74A976BB2CB3BFC1005A40C2 /* Base */,
			);
			name = LaunchScreen.storyboard;
			sourceTree = "<group>";
		};
/* End PBXVariantGroup section */

/* Begin XCBuildConfiguration section */
		74A976BE2CB3BFC1005A40C2 /* Debug */ = {
			isa = XCBuildConfiguration;
			buildSettings = {
				ALWAYS_SEARCH_USER_PATHS = NO;
				CLANG_ANALYZER_NONNULL = YES;
				CLANG_ANALYZER_NUMBER_OBJECT_CONVERSION = YES_AGGRESSIVE;
				CLANG_CXX_LANGUAGE_STANDARD = "gnu++20";
				CLANG_ENABLE_MODULES = YES;
				CLANG_ENABLE_OBJC_ARC = YES;
				CLANG_ENABLE_OBJC_WEAK = YES;
				CLANG_WARN_BLOCK_CAPTURE_AUTORELEASING = YES;
				CLANG_WARN_BOOL_CONVERSION = YES;
				CLANG_WARN_COMMA = YES;
				CLANG_WARN_CONSTANT_CONVERSION = YES;
				CLANG_WARN_DEPRECATED_OBJC_IMPLEMENTATIONS = YES;
				CLANG_WARN_DIRECT_OBJC_ISA_USAGE = YES_ERROR;
				CLANG_WARN_DOCUMENTATION_COMMENTS = YES;
				CLANG_WARN_EMPTY_BODY = YES;
				CLANG_WARN_ENUM_CONVERSION = YES;
				CLANG_WARN_INFINITE_RECURSION = YES;
				CLANG_WARN_INT_CONVERSION = YES;
				CLANG_WARN_NON_LITERAL_NULL_CONVERSION = YES;
				CLANG_WARN_OBJC_IMPLICIT_RETAIN_SELF = YES;
				CLANG_WARN_OBJC_LITERAL_CONVERSION = YES;
				CLANG_WARN_OBJC_ROOT_CLASS = YES_ERROR;
				CLANG_WARN_QUOTED_INCLUDE_IN_FRAMEWORK_HEADER = YES;
				CLANG_WARN_RANGE_LOOP_ANALYSIS = YES;
				CLANG_WARN_STRICT_PROTOTYPES = YES;
				CLANG_WARN_SUSPICIOUS_MOVE = YES;
				CLANG_WARN_UNGUARDED_AVAILABILITY = YES_AGGRESSIVE;
				CLANG_WARN_UNREACHABLE_CODE = YES;
				CLANG_WARN__DUPLICATE_METHOD_MATCH = YES;
				COPY_PHASE_STRIP = NO;
				DEBUG_INFORMATION_FORMAT = dwarf;
				ENABLE_STRICT_OBJC_MSGSEND = YES;
				ENABLE_TESTABILITY = YES;
				GCC_C_LANGUAGE_STANDARD = gnu11;
				GCC_DYNAMIC_NO_PIC = NO;
				GCC_NO_COMMON_BLOCKS = YES;
				GCC_OPTIMIZATION_LEVEL = 0;
				GCC_PREPROCESSOR_DEFINITIONS = (
					"DEBUG=1",
					"$(inherited)",
				);
				GCC_WARN_64_TO_32_BIT_CONVERSION = YES;
				GCC_WARN_ABOUT_RETURN_TYPE = YES_ERROR;
				GCC_WARN_UNDECLARED_SELECTOR = YES;
				GCC_WARN_UNINITIALIZED_AUTOS = YES_AGGRESSIVE;
				GCC_WARN_UNUSED_FUNCTION = YES;
				GCC_WARN_UNUSED_VARIABLE = YES;
				IPHONEOS_DEPLOYMENT_TARGET = 16.2;
				MTL_ENABLE_DEBUG_INFO = INCLUDE_SOURCE;
				MTL_FAST_MATH = YES;
				ONLY_ACTIVE_ARCH = YES;
				SDKROOT = iphoneos;
				SWIFT_ACTIVE_COMPILATION_CONDITIONS = DEBUG;
				SWIFT_OPTIMIZATION_LEVEL = "-Onone";
			};
			name = Debug;
		};
		74A976BF2CB3BFC1005A40C2 /* Release */ = {
			isa = XCBuildConfiguration;
			buildSettings = {
				ALWAYS_SEARCH_USER_PATHS = NO;
				CLANG_ANALYZER_NONNULL = YES;
				CLANG_ANALYZER_NUMBER_OBJECT_CONVERSION = YES_AGGRESSIVE;
				CLANG_CXX_LANGUAGE_STANDARD = "gnu++20";
				CLANG_ENABLE_MODULES = YES;
				CLANG_ENABLE_OBJC_ARC = YES;
				CLANG_ENABLE_OBJC_WEAK = YES;
				CLANG_WARN_BLOCK_CAPTURE_AUTORELEASING = YES;
				CLANG_WARN_BOOL_CONVERSION = YES;
				CLANG_WARN_COMMA = YES;
				CLANG_WARN_CONSTANT_CONVERSION = YES;
				CLANG_WARN_DEPRECATED_OBJC_IMPLEMENTATIONS = YES;
				CLANG_WARN_DIRECT_OBJC_ISA_USAGE = YES_ERROR;
				CLANG_WARN_DOCUMENTATION_COMMENTS = YES;
				CLANG_WARN_EMPTY_BODY = YES;
				CLANG_WARN_ENUM_CONVERSION = YES;
				CLANG_WARN_INFINITE_RECURSION = YES;
				CLANG_WARN_INT_CONVERSION = YES;
				CLANG_WARN_NON_LITERAL_NULL_CONVERSION = YES;
				CLANG_WARN_OBJC_IMPLICIT_RETAIN_SELF = YES;
				CLANG_WARN_OBJC_LITERAL_CONVERSION = YES;
				CLANG_WARN_OBJC_ROOT_CLASS = YES_ERROR;
				CLANG_WARN_QUOTED_INCLUDE_IN_FRAMEWORK_HEADER = YES;
				CLANG_WARN_RANGE_LOOP_ANALYSIS = YES;
				CLANG_WARN_STRICT_PROTOTYPES = YES;
				CLANG_WARN_SUSPICIOUS_MOVE = YES;
				CLANG_WARN_UNGUARDED_AVAILABILITY = YES_AGGRESSIVE;
				CLANG_WARN_UNREACHABLE_CODE = YES;
				CLANG_WARN__DUPLICATE_METHOD_MATCH = YES;
				COPY_PHASE_STRIP = NO;
				DEBUG_INFORMATION_FORMAT = "dwarf-with-dsym";
				ENABLE_NS_ASSERTIONS = NO;
				ENABLE_STRICT_OBJC_MSGSEND = YES;
				GCC_C_LANGUAGE_STANDARD = gnu11;
				GCC_NO_COMMON_BLOCKS = YES;
				GCC_WARN_64_TO_32_BIT_CONVERSION = YES;
				GCC_WARN_ABOUT_RETURN_TYPE = YES_ERROR;
				GCC_WARN_UNDECLARED_SELECTOR = YES;
				GCC_WARN_UNINITIALIZED_AUTOS = YES_AGGRESSIVE;
				GCC_WARN_UNUSED_FUNCTION = YES;
				GCC_WARN_UNUSED_VARIABLE = YES;
				IPHONEOS_DEPLOYMENT_TARGET = 16.2;
				MTL_ENABLE_DEBUG_INFO = NO;
				MTL_FAST_MATH = YES;
				SDKROOT = iphoneos;
				SWIFT_COMPILATION_MODE = wholemodule;
				SWIFT_OPTIMIZATION_LEVEL = "-O";
				VALIDATE_PRODUCT = YES;
			};
			name = Release;
		};
		74A976C12CB3BFC1005A40C2 /* Debug */ = {
			isa = XCBuildConfiguration;
			buildSettings = {
				ASSETCATALOG_COMPILER_APPICON_NAME = AppIcon;
				ASSETCATALOG_COMPILER_GLOBAL_ACCENT_COLOR_NAME = AccentColor;
				CODE_SIGN_STYLE = Automatic;
				CURRENT_PROJECT_VERSION = 1;
				DEVELOPMENT_TEAM = 7T366N6QTR;
				GENERATE_INFOPLIST_FILE = YES;
				INFOPLIST_FILE = "Networking HW 2.10.1/Info.plist";
				INFOPLIST_KEY_UIApplicationSupportsIndirectInputEvents = YES;
				INFOPLIST_KEY_UILaunchStoryboardName = LaunchScreen;
				INFOPLIST_KEY_UIMainStoryboardFile = Main;
				INFOPLIST_KEY_UISupportedInterfaceOrientations_iPad = "UIInterfaceOrientationPortrait UIInterfaceOrientationPortraitUpsideDown UIInterfaceOrientationLandscapeLeft UIInterfaceOrientationLandscapeRight";
				INFOPLIST_KEY_UISupportedInterfaceOrientations_iPhone = "UIInterfaceOrientationPortrait UIInterfaceOrientationLandscapeLeft UIInterfaceOrientationLandscapeRight";
				LD_RUNPATH_SEARCH_PATHS = (
					"$(inherited)",
					"@executable_path/Frameworks",
				);
				MARKETING_VERSION = 1.0;
				PRODUCT_BUNDLE_IDENTIFIER = "com.alexandrManzhosov.Networking-HW-2-10-1";
				PRODUCT_NAME = "$(TARGET_NAME)";
				SWIFT_EMIT_LOC_STRINGS = YES;
				SWIFT_VERSION = 5.0;
				TARGETED_DEVICE_FAMILY = "1,2";
			};
			name = Debug;
		};
		74A976C22CB3BFC1005A40C2 /* Release */ = {
			isa = XCBuildConfiguration;
			buildSettings = {
				ASSETCATALOG_COMPILER_APPICON_NAME = AppIcon;
				ASSETCATALOG_COMPILER_GLOBAL_ACCENT_COLOR_NAME = AccentColor;
				CODE_SIGN_STYLE = Automatic;
				CURRENT_PROJECT_VERSION = 1;
				DEVELOPMENT_TEAM = 7T366N6QTR;
				GENERATE_INFOPLIST_FILE = YES;
				INFOPLIST_FILE = "Networking HW 2.10.1/Info.plist";
				INFOPLIST_KEY_UIApplicationSupportsIndirectInputEvents = YES;
				INFOPLIST_KEY_UILaunchStoryboardName = LaunchScreen;
				INFOPLIST_KEY_UIMainStoryboardFile = Main;
				INFOPLIST_KEY_UISupportedInterfaceOrientations_iPad = "UIInterfaceOrientationPortrait UIInterfaceOrientationPortraitUpsideDown UIInterfaceOrientationLandscapeLeft UIInterfaceOrientationLandscapeRight";
				INFOPLIST_KEY_UISupportedInterfaceOrientations_iPhone = "UIInterfaceOrientationPortrait UIInterfaceOrientationLandscapeLeft UIInterfaceOrientationLandscapeRight";
				LD_RUNPATH_SEARCH_PATHS = (
					"$(inherited)",
					"@executable_path/Frameworks",
				);
				MARKETING_VERSION = 1.0;
				PRODUCT_BUNDLE_IDENTIFIER = "com.alexandrManzhosov.Networking-HW-2-10-1";
				PRODUCT_NAME = "$(TARGET_NAME)";
				SWIFT_EMIT_LOC_STRINGS = YES;
				SWIFT_VERSION = 5.0;
				TARGETED_DEVICE_FAMILY = "1,2";
			};
			name = Release;
		};
/* End XCBuildConfiguration section */

/* Begin XCConfigurationList section */
		74A976A72CB3BFBF005A40C2 /* Build configuration list for PBXProject "Networking HW 2.10.1" */ = {
			isa = XCConfigurationList;
			buildConfigurations = (
				74A976BE2CB3BFC1005A40C2 /* Debug */,
				74A976BF2CB3BFC1005A40C2 /* Release */,
			);
			defaultConfigurationIsVisible = 0;
			defaultConfigurationName = Release;
		};
		74A976C02CB3BFC1005A40C2 /* Build configuration list for PBXNativeTarget "Networking HW 2.10.1" */ = {
			isa = XCConfigurationList;
			buildConfigurations = (
				74A976C12CB3BFC1005A40C2 /* Debug */,
				74A976C22CB3BFC1005A40C2 /* Release */,
			);
			defaultConfigurationIsVisible = 0;
			defaultConfigurationName = Release;
		};
/* End XCConfigurationList section */
	};
	rootObject = 74A976A42CB3BFBF005A40C2 /* Project object */;
}
